
Microsoft Visual Studio Solution File, Format Version 12.00
# Visual Studio Version 16
VisualStudioVersion = 16.0.29102.190
MinimumVisualStudioVersion = 10.0.40219.1
Project("{FAE04EC0-301F-11D3-BF4B-00C04F79EFBC}") = "CadastroDeAlunos", "CadastroDeAlunos.csproj", "{43BA8D5D-83D2-4DA1-A39D-48BBE3D3B5B8}"
EndProject
Global
	GlobalSection(SolutionConfigurationPlatforms) = preSolution
		Debug|Any CPU = Debug|Any CPU
		Release|Any CPU = Release|Any CPU
	EndGlobalSection
	GlobalSection(ProjectConfigurationPlatforms) = postSolution
		{43BA8D5D-83D2-4DA1-A39D-48BBE3D3B5B8}.Debug|Any CPU.ActiveCfg = Debug|Any CPU
		{43BA8D5D-83D2-4DA1-A39D-48BBE3D3B5B8}.Debug|Any CPU.Build.0 = Debug|Any CPU
		{43BA8D5D-83D2-4DA1-A39D-48BBE3D3B5B8}.Release|Any CPU.ActiveCfg = Release|Any CPU
		{43BA8D5D-83D2-4DA1-A39D-48BBE3D3B5B8}.Release|Any CPU.Build.0 = Release|Any CPU
	EndGlobalSection
	GlobalSection(SolutionProperties) = preSolution
		HideSolutionNode = FALSE
	EndGlobalSection
	GlobalSection(ExtensibilityGlobals) = postSolution
		SolutionGuid = {7B96D519-5FD4-4AB6-A913-D673EBF3941F}
	EndGlobalSection
EndGlobal
