
Microsoft Visual Studio Solution File, Format Version 12.00
# Visual Studio Version 16
VisualStudioVersion = 16.0.29020.237
MinimumVisualStudioVersion = 10.0.40219.1
Project("{FAE04EC0-301F-11D3-BF4B-00C04F79EFBC}") = "AdicionandoValoresEmUmaLista", "AdicionandoValoresEmUmaLista.csproj", "{2466BA63-B24A-4C73-8A10-B2120CFDA57D}"
EndProject
Global
	GlobalSection(SolutionConfigurationPlatforms) = preSolution
		Debug|Any CPU = Debug|Any CPU
		Release|Any CPU = Release|Any CPU
	EndGlobalSection
	GlobalSection(ProjectConfigurationPlatforms) = postSolution
		{2466BA63-B24A-4C73-8A10-B2120CFDA57D}.Debug|Any CPU.ActiveCfg = Debug|Any CPU
		{2466BA63-B24A-4C73-8A10-B2120CFDA57D}.Debug|Any CPU.Build.0 = Debug|Any CPU
		{2466BA63-B24A-4C73-8A10-B2120CFDA57D}.Release|Any CPU.ActiveCfg = Release|Any CPU
		{2466BA63-B24A-4C73-8A10-B2120CFDA57D}.Release|Any CPU.Build.0 = Release|Any CPU
	EndGlobalSection
	GlobalSection(SolutionProperties) = preSolution
		HideSolutionNode = FALSE
	EndGlobalSection
	GlobalSection(ExtensibilityGlobals) = postSolution
		SolutionGuid = {0064EBE0-559A-4EC9-899D-122FA1C72888}
	EndGlobalSection
EndGlobal
