
Microsoft Visual Studio Solution File, Format Version 12.00
# Visual Studio Version 16
VisualStudioVersion = 16.0.29102.190
MinimumVisualStudioVersion = 10.0.40219.1
Project("{FAE04EC0-301F-11D3-BF4B-00C04F79EFBC}") = "WebApi", "WebApi.csproj", "{5EA197FA-2987-4EFB-97D5-580D8EFB4092}"
EndProject
Global
	GlobalSection(SolutionConfigurationPlatforms) = preSolution
		Debug|Any CPU = Debug|Any CPU
		Release|Any CPU = Release|Any CPU
	EndGlobalSection
	GlobalSection(ProjectConfigurationPlatforms) = postSolution
		{5EA197FA-2987-4EFB-97D5-580D8EFB4092}.Debug|Any CPU.ActiveCfg = Debug|Any CPU
		{5EA197FA-2987-4EFB-97D5-580D8EFB4092}.Debug|Any CPU.Build.0 = Debug|Any CPU
		{5EA197FA-2987-4EFB-97D5-580D8EFB4092}.Release|Any CPU.ActiveCfg = Release|Any CPU
		{5EA197FA-2987-4EFB-97D5-580D8EFB4092}.Release|Any CPU.Build.0 = Release|Any CPU
	EndGlobalSection
	GlobalSection(SolutionProperties) = preSolution
		HideSolutionNode = FALSE
	EndGlobalSection
	GlobalSection(ExtensibilityGlobals) = postSolution
		SolutionGuid = {98531696-AADE-4A8E-854F-32B3E37C7AD4}
	EndGlobalSection
EndGlobal
