
Microsoft Visual Studio Solution File, Format Version 12.00
# Visual Studio Version 16
VisualStudioVersion = 16.0.29102.190
MinimumVisualStudioVersion = 10.0.40219.1
Project("{FAE04EC0-301F-11D3-BF4B-00C04F79EFBC}") = "TabelaDeVIsualizacaoDeValores", "TabelaDeVIsualizacaoDeValores.csproj", "{295F5463-B99B-4577-9D98-89E9C60827F0}"
EndProject
Global
	GlobalSection(SolutionConfigurationPlatforms) = preSolution
		Debug|Any CPU = Debug|Any CPU
		Release|Any CPU = Release|Any CPU
	EndGlobalSection
	GlobalSection(ProjectConfigurationPlatforms) = postSolution
		{295F5463-B99B-4577-9D98-89E9C60827F0}.Debug|Any CPU.ActiveCfg = Debug|Any CPU
		{295F5463-B99B-4577-9D98-89E9C60827F0}.Debug|Any CPU.Build.0 = Debug|Any CPU
		{295F5463-B99B-4577-9D98-89E9C60827F0}.Release|Any CPU.ActiveCfg = Release|Any CPU
		{295F5463-B99B-4577-9D98-89E9C60827F0}.Release|Any CPU.Build.0 = Release|Any CPU
	EndGlobalSection
	GlobalSection(SolutionProperties) = preSolution
		HideSolutionNode = FALSE
	EndGlobalSection
	GlobalSection(ExtensibilityGlobals) = postSolution
		SolutionGuid = {E2BCBBB4-E54F-409D-9477-0D96E6E10F19}
	EndGlobalSection
EndGlobal
