
Microsoft Visual Studio Solution File, Format Version 12.00
# Visual Studio Version 16
VisualStudioVersion = 16.0.29102.190
MinimumVisualStudioVersion = 10.0.40219.1
Project("{FAE04EC0-301F-11D3-BF4B-00C04F79EFBC}") = "RevisaoWEBApi", "RevisaoWEBApi.csproj", "{B6F026B6-801A-4A92-AD2D-B2A14A3316B4}"
EndProject
Global
	GlobalSection(SolutionConfigurationPlatforms) = preSolution
		Debug|Any CPU = Debug|Any CPU
		Release|Any CPU = Release|Any CPU
	EndGlobalSection
	GlobalSection(ProjectConfigurationPlatforms) = postSolution
		{B6F026B6-801A-4A92-AD2D-B2A14A3316B4}.Debug|Any CPU.ActiveCfg = Debug|Any CPU
		{B6F026B6-801A-4A92-AD2D-B2A14A3316B4}.Debug|Any CPU.Build.0 = Debug|Any CPU
		{B6F026B6-801A-4A92-AD2D-B2A14A3316B4}.Release|Any CPU.ActiveCfg = Release|Any CPU
		{B6F026B6-801A-4A92-AD2D-B2A14A3316B4}.Release|Any CPU.Build.0 = Release|Any CPU
	EndGlobalSection
	GlobalSection(SolutionProperties) = preSolution
		HideSolutionNode = FALSE
	EndGlobalSection
	GlobalSection(ExtensibilityGlobals) = postSolution
		SolutionGuid = {B772BE66-479F-4788-9B8C-C7E55130AB17}
	EndGlobalSection
EndGlobal
