
Microsoft Visual Studio Solution File, Format Version 12.00
# Visual Studio Version 16
VisualStudioVersion = 16.0.29102.190
MinimumVisualStudioVersion = 10.0.40219.1
Project("{FAE04EC0-301F-11D3-BF4B-00C04F79EFBC}") = "BoletimEscolar", "BoletimEscolar.csproj", "{42FD12C8-34A0-490E-AC88-A3E5C09BB33C}"
EndProject
Project("{FAE04EC0-301F-11D3-BF4B-00C04F79EFBC}") = "VisualizaBoletim", "..\VisualizaBoletim\VisualizaBoletim.csproj", "{8B8800D1-99F0-47FF-AC47-9B40BC43ADA3}"
EndProject
Global
	GlobalSection(SolutionConfigurationPlatforms) = preSolution
		Debug|Any CPU = Debug|Any CPU
		Release|Any CPU = Release|Any CPU
	EndGlobalSection
	GlobalSection(ProjectConfigurationPlatforms) = postSolution
		{42FD12C8-34A0-490E-AC88-A3E5C09BB33C}.Debug|Any CPU.ActiveCfg = Debug|Any CPU
		{42FD12C8-34A0-490E-AC88-A3E5C09BB33C}.Debug|Any CPU.Build.0 = Debug|Any CPU
		{42FD12C8-34A0-490E-AC88-A3E5C09BB33C}.Release|Any CPU.ActiveCfg = Release|Any CPU
		{42FD12C8-34A0-490E-AC88-A3E5C09BB33C}.Release|Any CPU.Build.0 = Release|Any CPU
		{8B8800D1-99F0-47FF-AC47-9B40BC43ADA3}.Debug|Any CPU.ActiveCfg = Debug|Any CPU
		{8B8800D1-99F0-47FF-AC47-9B40BC43ADA3}.Debug|Any CPU.Build.0 = Debug|Any CPU
		{8B8800D1-99F0-47FF-AC47-9B40BC43ADA3}.Release|Any CPU.ActiveCfg = Release|Any CPU
		{8B8800D1-99F0-47FF-AC47-9B40BC43ADA3}.Release|Any CPU.Build.0 = Release|Any CPU
	EndGlobalSection
	GlobalSection(SolutionProperties) = preSolution
		HideSolutionNode = FALSE
	EndGlobalSection
	GlobalSection(ExtensibilityGlobals) = postSolution
		SolutionGuid = {5C510F83-0C80-4995-B2F5-529493394EAF}
	EndGlobalSection
EndGlobal
