
Microsoft Visual Studio Solution File, Format Version 12.00
# Visual Studio Version 16
VisualStudioVersion = 16.0.29020.237
MinimumVisualStudioVersion = 10.0.40219.1
Project("{FAE04EC0-301F-11D3-BF4B-00C04F79EFBC}") = "ConsoleAppBibliotec", "ConsoleAppBibliotec.csproj", "{1289C369-21C7-402B-8926-2C94D4C27DE5}"
EndProject
Global
	GlobalSection(SolutionConfigurationPlatforms) = preSolution
		Debug|Any CPU = Debug|Any CPU
		Release|Any CPU = Release|Any CPU
	EndGlobalSection
	GlobalSection(ProjectConfigurationPlatforms) = postSolution
		{1289C369-21C7-402B-8926-2C94D4C27DE5}.Debug|Any CPU.ActiveCfg = Debug|Any CPU
		{1289C369-21C7-402B-8926-2C94D4C27DE5}.Debug|Any CPU.Build.0 = Debug|Any CPU
		{1289C369-21C7-402B-8926-2C94D4C27DE5}.Release|Any CPU.ActiveCfg = Release|Any CPU
		{1289C369-21C7-402B-8926-2C94D4C27DE5}.Release|Any CPU.Build.0 = Release|Any CPU
	EndGlobalSection
	GlobalSection(SolutionProperties) = preSolution
		HideSolutionNode = FALSE
	EndGlobalSection
	GlobalSection(ExtensibilityGlobals) = postSolution
		SolutionGuid = {250931C3-D30A-483A-A580-F2D2EAABDF7A}
	EndGlobalSection
EndGlobal
