
Microsoft Visual Studio Solution File, Format Version 12.00
# Visual Studio Version 16
VisualStudioVersion = 16.0.29102.190
MinimumVisualStudioVersion = 10.0.40219.1
Project("{FAE04EC0-301F-11D3-BF4B-00C04F79EFBC}") = "WPFAppNew", "WPFAppNew.csproj", "{D18FAB07-1540-4A23-9BD2-E6448E1A789D}"
EndProject
Global
	GlobalSection(SolutionConfigurationPlatforms) = preSolution
		Debug|Any CPU = Debug|Any CPU
		Release|Any CPU = Release|Any CPU
	EndGlobalSection
	GlobalSection(ProjectConfigurationPlatforms) = postSolution
		{D18FAB07-1540-4A23-9BD2-E6448E1A789D}.Debug|Any CPU.ActiveCfg = Debug|Any CPU
		{D18FAB07-1540-4A23-9BD2-E6448E1A789D}.Debug|Any CPU.Build.0 = Debug|Any CPU
		{D18FAB07-1540-4A23-9BD2-E6448E1A789D}.Release|Any CPU.ActiveCfg = Release|Any CPU
		{D18FAB07-1540-4A23-9BD2-E6448E1A789D}.Release|Any CPU.Build.0 = Release|Any CPU
	EndGlobalSection
	GlobalSection(SolutionProperties) = preSolution
		HideSolutionNode = FALSE
	EndGlobalSection
	GlobalSection(ExtensibilityGlobals) = postSolution
		SolutionGuid = {1AFCDB74-A6E7-4F03-978E-0F2A6EFDD8CF}
	EndGlobalSection
EndGlobal
